
Microsoft Visual Studio Solution File, Format Version 12.00
# Visual Studio 15
VisualStudioVersion = 15.0.28307.1000
MinimumVisualStudioVersion = 10.0.40219.1
Project("{FAE04EC0-301F-11D3-BF4B-00C04F79EFBC}") = "Dvojkvé číslo do desítkové soustavy", "Dvojkvé číslo do desítkové soustavy\Dvojkvé číslo do desítkové soustavy.csproj", "{10C33889-36CE-44C5-83C8-AA53525C3858}"
EndProject
Global
	GlobalSection(SolutionConfigurationPlatforms) = preSolution
		Debug|Any CPU = Debug|Any CPU
		Release|Any CPU = Release|Any CPU
	EndGlobalSection
	GlobalSection(ProjectConfigurationPlatforms) = postSolution
		{10C33889-36CE-44C5-83C8-AA53525C3858}.Debug|Any CPU.ActiveCfg = Debug|Any CPU
		{10C33889-36CE-44C5-83C8-AA53525C3858}.Debug|Any CPU.Build.0 = Debug|Any CPU
		{10C33889-36CE-44C5-83C8-AA53525C3858}.Release|Any CPU.ActiveCfg = Release|Any CPU
		{10C33889-36CE-44C5-83C8-AA53525C3858}.Release|Any CPU.Build.0 = Release|Any CPU
	EndGlobalSection
	GlobalSection(SolutionProperties) = preSolution
		HideSolutionNode = FALSE
	EndGlobalSection
	GlobalSection(ExtensibilityGlobals) = postSolution
		SolutionGuid = {385CBA99-21A8-459D-AF10-A627DC2F5352}
	EndGlobalSection
EndGlobal
